{
  "name": "get-vector-tile",
  "version": "0.0.2",
  "lockfileVersion": 3,
  "requires": true,
  "packages": {
    "": {
      "name": "get-vector-tile",
      "version": "0.0.2",
      "license": "ISC",
      "dependencies": {
        "pbf": "^4.0.1",
        "vector-tile": "^1.3.0",
        "zlib": "^1.0.5"
      }
    },
    "node_modules/pbf": {
      "version": "4.0.1",
      "resolved": "https://registry.npmjs.org/pbf/-/pbf-4.0.1.tgz",
      "integrity": "sha512-SuLdBvS42z33m8ejRbInMapQe8n0D3vN/Xd5fmWM3tufNgRQFBpaW2YVJxQZV4iPNqb0vEFvssMEo5w9c6BTIA==",
      "dependencies": {
        "resolve-protobuf-schema": "^2.1.0"
      },
      "bin": {
        "pbf": "bin/pbf"
      }
    },
    "node_modules/point-geometry": {
      "version": "0.0.0",
      "resolved": "https://registry.npmjs.org/point-geometry/-/point-geometry-0.0.0.tgz",
      "integrity": "sha512-tXK8bY2l3/CPkyO7+UbOWbVjCpKoYY4t6uY3AYYy4Bagd4Z942gLeQOgtHICwBwgPf8dI6fw4VqKwzSNgvlw4A==",
      "deprecated": "This module has moved: please install @mapbox/point-geometry instead"
    },
    "node_modules/protocol-buffers-schema": {
      "version": "3.6.0",
      "resolved": "https://registry.npmjs.org/protocol-buffers-schema/-/protocol-buffers-schema-3.6.0.tgz",
      "integrity": "sha512-TdDRD+/QNdrCGCE7v8340QyuXd4kIWIgapsE2+n/SaGiSSbomYl4TjHlvIoCWRpE7wFt02EpB35VVA2ImcBVqw=="
    },
    "node_modules/resolve-protobuf-schema": {
      "version": "2.1.0",
      "resolved": "https://registry.npmjs.org/resolve-protobuf-schema/-/resolve-protobuf-schema-2.1.0.tgz",
      "integrity": "sha512-kI5ffTiZWmJaS/huM8wZfEMer1eRd7oJQhDuxeCLe3t7N7mX3z94CN0xPxBQxFYQTSNz9T0i+v6inKqSdK8xrQ==",
      "dependencies": {
        "protocol-buffers-schema": "^3.3.1"
      }
    },
    "node_modules/vector-tile": {
      "version": "1.3.0",
      "resolved": "https://registry.npmjs.org/vector-tile/-/vector-tile-1.3.0.tgz",
      "integrity": "sha512-ECpYpDhbgTSGIRwaf4bLbiDHcUHDM+LGrBOmV1tdG+Lde8vajJtywP5vGFmMj0Z3cApTV0+9sLWgBCVsRuoAKQ==",
      "deprecated": "This module has moved: please install @mapbox/vector-tile instead",
      "dependencies": {
        "point-geometry": "0.0.0"
      }
    },
    "node_modules/zlib": {
      "version": "1.0.5",
      "resolved": "https://registry.npmjs.org/zlib/-/zlib-1.0.5.tgz",
      "integrity": "sha512-40fpE2II+Cd3k8HWTWONfeKE2jL+P42iWJ1zzps5W51qcTsOUKM5Q5m2PFb0CLxlmFAaUuUdJGc3OfZy947v0w==",
      "hasInstallScript": true,
      "engines": {
        "node": ">=0.2.0"
      }
    }
  }
}
